
Microsoft Visual Studio Solution File, Format Version 12.00
# Visual Studio Version 17
VisualStudioVersion = 17.11.35327.3
MinimumVisualStudioVersion = 10.0.40219.1
Project("{FAE04EC0-301F-11D3-BF4B-00C04F79EFBC}") = "3rd Class", "3rd Class\3rd Class.csproj", "{2B1F4EDA-FB26-4ABF-89B0-4D80685D0DFE}"
EndProject
Global
	GlobalSection(SolutionConfigurationPlatforms) = preSolution
		Debug|Any CPU = Debug|Any CPU
		Release|Any CPU = Release|Any CPU
	EndGlobalSection
	GlobalSection(ProjectConfigurationPlatforms) = postSolution
		{2B1F4EDA-FB26-4ABF-89B0-4D80685D0DFE}.Debug|Any CPU.ActiveCfg = Debug|Any CPU
		{2B1F4EDA-FB26-4ABF-89B0-4D80685D0DFE}.Debug|Any CPU.Build.0 = Debug|Any CPU
		{2B1F4EDA-FB26-4ABF-89B0-4D80685D0DFE}.Release|Any CPU.ActiveCfg = Release|Any CPU
		{2B1F4EDA-FB26-4ABF-89B0-4D80685D0DFE}.Release|Any CPU.Build.0 = Release|Any CPU
	EndGlobalSection
	GlobalSection(SolutionProperties) = preSolution
		HideSolutionNode = FALSE
	EndGlobalSection
	GlobalSection(ExtensibilityGlobals) = postSolution
		SolutionGuid = {8D99C357-BCED-430E-96CA-FD913C83D582}
	EndGlobalSection
EndGlobal
